
Microsoft Visual Studio Solution File, Format Version 12.00
# Visual Studio Version 16
VisualStudioVersion = 16.0.31105.61
MinimumVisualStudioVersion = 10.0.40219.1
Project("{FAE04EC0-301F-11D3-BF4B-00C04F79EFBC}") = "Dischatr", "Dischatr\Dischatr.csproj", "{1A77F507-2B7D-4C49-B1B8-C21FFCA40586}"
EndProject
Global
	GlobalSection(SolutionConfigurationPlatforms) = preSolution
		Debug|Any CPU = Debug|Any CPU
		Release|Any CPU = Release|Any CPU
	EndGlobalSection
	GlobalSection(ProjectConfigurationPlatforms) = postSolution
		{1A77F507-2B7D-4C49-B1B8-C21FFCA40586}.Debug|Any CPU.ActiveCfg = Debug|Any CPU
		{1A77F507-2B7D-4C49-B1B8-C21FFCA40586}.Debug|Any CPU.Build.0 = Debug|Any CPU
		{1A77F507-2B7D-4C49-B1B8-C21FFCA40586}.Release|Any CPU.ActiveCfg = Release|Any CPU
		{1A77F507-2B7D-4C49-B1B8-C21FFCA40586}.Release|Any CPU.Build.0 = Release|Any CPU
	EndGlobalSection
	GlobalSection(SolutionProperties) = preSolution
		HideSolutionNode = FALSE
	EndGlobalSection
	GlobalSection(ExtensibilityGlobals) = postSolution
		SolutionGuid = {3C927D2E-E629-45ED-BDAE-2DF75FA33C58}
	EndGlobalSection
EndGlobal
